# This file is automatically @generated by Cargo.
# It is not intended for manual editing.
version = 4

[[package]]
name = "testament-cli"
version = "0.1.0"
dependencies = [
 "testament-core",
 "testament-metrics",
 "testament-report",
]

[[package]]
name = "testament-core"
version = "0.1.0"

[[package]]
name = "testament-metrics"
version = "0.1.0"
dependencies = [
 "testament-core",
]

[[package]]
name = "testament-report"
version = "0.1.0"
dependencies = [
 "testament-core",
]
